# Pinned runtime dependencies; generated from Python 3.11 local resolution.
aiofiles==25.1.0
aiohappyeyeballs==2.7.1
aiohttp==3.13.3
aiosignal==1.4.0
attrs==26.1.0
frozenlist==1.8.0
idna==3.19
livekit==1.1.14
livekit-api==1.2.0
livekit-protocol==1.1.26
multidict==6.8.0
numpy==2.4.6
propcache==0.5.2
protobuf==7.36.1
PyJWT==2.14.0
types-protobuf==7.35.1.20260906
typing_extensions==4.16.0
yarl==1.24.5
